<?xml version="1.0" encoding="utf-8"?>
<Project ToolsVersion="4.0" xmlns="http://schemas.microsoft.com/developer/msbuild/2003">
  <ItemGroup>
    <Filter Include="Source Files">
      <UniqueIdentifier>{9eee3de8-4046-404e-ad08-6af00051ae75}</UniqueIdentifier>
      <Extensions>cpp;c;cxx;rc;def;r;odl;idl;hpj;bat</Extensions>
    </Filter>
    <Filter Include="Header Files">
      <UniqueIdentifier>{c1dbb6e0-3d35-4125-8944-2fa136925378}</UniqueIdentifier>
      <Extensions>h;hpp;hxx;hm;inl</Extensions>
    </Filter>
    <Filter Include="Resource Files">
      <UniqueIdentifier>{7f0127a2-32e3-4ea1-a06f-90a8b2a6383b}</UniqueIdentifier>
      <Extensions>ico;cur;bmp;dlg;rc2;rct;bin;rgs;gif;jpg;jpeg;jpe</Extensions>
    </Filter>
  </ItemGroup>
  <ItemGroup>
    <ClCompile Include="ListBuilder.cpp">
      <Filter>Source Files</Filter>
    </ClCompile>
    <ClCompile Include="resgen.cpp">
      <Filter>Source Files</Filter>
    </ClCompile>
    <ClCompile Include="resgenclass.cpp">
      <Filter>Source Files</Filter>
    </ClCompile>
    <ClCompile Include="enttokenizer.cpp">
      <Filter>Source Files</Filter>
    </ClCompile>
    <ClCompile Include="resourcelistbuilder.cpp">
      <Filter>Source Files</Filter>
    </ClCompile>
    <ClCompile Include="util.cpp">
      <Filter>Source Files</Filter>
    </ClCompile>
  </ItemGroup>
  <ItemGroup>
    <ClInclude Include="Leakcheck.h">
      <Filter>Header Files</Filter>
    </ClInclude>
    <ClInclude Include="LinkedList.h">
      <Filter>Header Files</Filter>
    </ClInclude>
    <ClInclude Include="ListBuilder.h">
      <Filter>Header Files</Filter>
    </ClInclude>
    <ClInclude Include="resgen.h">
      <Filter>Header Files</Filter>
    </ClInclude>
    <ClInclude Include="resgenclass.h">
      <Filter>Header Files</Filter>
    </ClInclude>
    <ClInclude Include="vstring.h">
      <Filter>Header Files</Filter>
    </ClInclude>
  </ItemGroup>
  <ItemGroup>
    <Text Include="manual.txt" />
  </ItemGroup>
</Project>